
Microsoft Visual Studio Solution File, Format Version 12.00
# Visual Studio Version 16
VisualStudioVersion = 16.0.28729.10
MinimumVisualStudioVersion = 10.0.40219.1
Project("{FAE04EC0-301F-11D3-BF4B-00C04F79EFBC}") = "ToDoList", "ToDoList\ToDoList.csproj", "{36290658-248E-4063-95D1-98BEB70D4F03}"
EndProject
Global
	GlobalSection(SolutionConfigurationPlatforms) = preSolution
		Debug|Any CPU = Debug|Any CPU
		Release|Any CPU = Release|Any CPU
	EndGlobalSection
	GlobalSection(ProjectConfigurationPlatforms) = postSolution
		{36290658-248E-4063-95D1-98BEB70D4F03}.Debug|Any CPU.ActiveCfg = Debug|Any CPU
		{36290658-248E-4063-95D1-98BEB70D4F03}.Debug|Any CPU.Build.0 = Debug|Any CPU
		{36290658-248E-4063-95D1-98BEB70D4F03}.Release|Any CPU.ActiveCfg = Release|Any CPU
		{36290658-248E-4063-95D1-98BEB70D4F03}.Release|Any CPU.Build.0 = Release|Any CPU
	EndGlobalSection
	GlobalSection(SolutionProperties) = preSolution
		HideSolutionNode = FALSE
	EndGlobalSection
	GlobalSection(ExtensibilityGlobals) = postSolution
		SolutionGuid = {5D7F6100-7351-48D5-92BB-40D838500C31}
	EndGlobalSection
EndGlobal
